// !$*UTF8*$!
{
	archiveVersion = 1;
	classes = {
	};
	objectVersion = 50;
	objects = {

/* Begin PBXBuildFile section */
		63A9CF02209D1A9300CDC9AC /* messagescopy.txt in Resources */ = {isa = PBXBuildFile; fileRef = 63A9CF01209D1A9300CDC9AC /* messagescopy.txt */; };
		63A9CF03209D1A9300CDC9AC /* messagescopy.txt in Resources */ = {isa = PBXBuildFile; fileRef = 63A9CF01209D1A9300CDC9AC /* messagescopy.txt */; };
		63A9CF04209D1A9300CDC9AC /* messagescopy.txt in Resources */ = {isa = PBXBuildFile; fileRef = 63A9CF01209D1A9300CDC9AC /* messagescopy.txt */; };
		63B1EB4520AE36D1008210C8 /* SettingsPulloverController.swift in Sources */ = {isa = PBXBuildFile; fileRef = 63B1EB4420AE36D1008210C8 /* SettingsPulloverController.swift */; };
		63C6ACAF208A858400DA8152 /* AppDelegate.swift in Sources */ = {isa = PBXBuildFile; fileRef = 63C6ACAE208A858400DA8152 /* AppDelegate.swift */; };
		63C6ACB1208A858400DA8152 /* ViewController.swift in Sources */ = {isa = PBXBuildFile; fileRef = 63C6ACB0208A858400DA8152 /* ViewController.swift */; };
		63C6ACB4208A858400DA8152 /* Main.storyboard in Resources */ = {isa = PBXBuildFile; fileRef = 63C6ACB2208A858400DA8152 /* Main.storyboard */; };
		63C6ACB6208A858500DA8152 /* Assets.xcassets in Resources */ = {isa = PBXBuildFile; fileRef = 63C6ACB5208A858500DA8152 /* Assets.xcassets */; };
		63C6ACB9208A858500DA8152 /* LaunchScreen.storyboard in Resources */ = {isa = PBXBuildFile; fileRef = 63C6ACB7208A858500DA8152 /* LaunchScreen.storyboard */; };
		63C6ACBE208A858500DA8152 /* Complement du jour WatchKit App.app in Embed Watch Content */ = {isa = PBXBuildFile; fileRef = 63C6ACBD208A858500DA8152 /* Complement du jour WatchKit App.app */; };
		63C6ACC4208A858500DA8152 /* Interface.storyboard in Resources */ = {isa = PBXBuildFile; fileRef = 63C6ACC2208A858500DA8152 /* Interface.storyboard */; };
		63C6ACC6208A858600DA8152 /* Assets.xcassets in Resources */ = {isa = PBXBuildFile; fileRef = 63C6ACC5208A858600DA8152 /* Assets.xcassets */; };
		63C6ACCD208A858600DA8152 /* Complement du jour WatchKit Extension.appex in Embed App Extensions */ = {isa = PBXBuildFile; fileRef = 63C6ACCC208A858600DA8152 /* Complement du jour WatchKit Extension.appex */; settings = {ATTRIBUTES = (RemoveHeadersOnCopy, ); }; };
		63C6ACD2208A858600DA8152 /* InterfaceController.swift in Sources */ = {isa = PBXBuildFile; fileRef = 63C6ACD1208A858600DA8152 /* InterfaceController.swift */; };
		63C6ACD4208A858600DA8152 /* ExtensionDelegate.swift in Sources */ = {isa = PBXBuildFile; fileRef = 63C6ACD3208A858600DA8152 /* ExtensionDelegate.swift */; };
		63C6ACD6208A858600DA8152 /* NotificationController.swift in Sources */ = {isa = PBXBuildFile; fileRef = 63C6ACD5208A858600DA8152 /* NotificationController.swift */; };
		63C6ACD8208A858600DA8152 /* ComplicationController.swift in Sources */ = {isa = PBXBuildFile; fileRef = 63C6ACD7208A858600DA8152 /* ComplicationController.swift */; };
		63C6ACDA208A858700DA8152 /* Assets.xcassets in Resources */ = {isa = PBXBuildFile; fileRef = 63C6ACD9208A858700DA8152 /* Assets.xcassets */; };
		63C6ACEC208A867100DA8152 /* TextLoader.swift in Sources */ = {isa = PBXBuildFile; fileRef = 63C6ACEB208A867100DA8152 /* TextLoader.swift */; };
		63C6ACED208A867100DA8152 /* TextLoader.swift in Sources */ = {isa = PBXBuildFile; fileRef = 63C6ACEB208A867100DA8152 /* TextLoader.swift */; };
		63C6ACEF208A89D600DA8152 /* Parisienne-Regular.ttf in Resources */ = {isa = PBXBuildFile; fileRef = 63C6ACEE208A89D600DA8152 /* Parisienne-Regular.ttf */; };
/* End PBXBuildFile section */

/* Begin PBXContainerItemProxy section */
		63C6ACBF208A858500DA8152 /* PBXContainerItemProxy */ = {
			isa = PBXContainerItemProxy;
			containerPortal = 63C6ACA3208A858300DA8152 /* Project object */;
			proxyType = 1;
			remoteGlobalIDString = 63C6ACBC208A858500DA8152;
			remoteInfo = "Complement du jour WatchKit App";
		};
		63C6ACCE208A858600DA8152 /* PBXContainerItemProxy */ = {
			isa = PBXContainerItemProxy;
			containerPortal = 63C6ACA3208A858300DA8152 /* Project object */;
			proxyType = 1;
			remoteGlobalIDString = 63C6ACCB208A858600DA8152;
			remoteInfo = "Complement du jour WatchKit Extension";
		};
/* End PBXContainerItemProxy section */

/* Begin PBXCopyFilesBuildPhase section */
		63C6ACE2208A858700DA8152 /* Embed App Extensions */ = {
			isa = PBXCopyFilesBuildPhase;
			buildActionMask = 2147483647;
			dstPath = "";
			dstSubfolderSpec = 13;
			files = (
				63C6ACCD208A858600DA8152 /* Complement du jour WatchKit Extension.appex in Embed App Extensions */,
			);
			name = "Embed App Extensions";
			runOnlyForDeploymentPostprocessing = 0;
		};
		63C6ACE6208A858700DA8152 /* Embed Watch Content */ = {
			isa = PBXCopyFilesBuildPhase;
			buildActionMask = 2147483647;
			dstPath = "$(CONTENTS_FOLDER_PATH)/Watch";
			dstSubfolderSpec = 16;
			files = (
				63C6ACBE208A858500DA8152 /* Complement du jour WatchKit App.app in Embed Watch Content */,
			);
			name = "Embed Watch Content";
			runOnlyForDeploymentPostprocessing = 0;
		};
/* End PBXCopyFilesBuildPhase section */

/* Begin PBXFileReference section */
		63A9CF01209D1A9300CDC9AC /* messagescopy.txt */ = {isa = PBXFileReference; fileEncoding = 4; lastKnownFileType = text; path = messagescopy.txt; sourceTree = "<group>"; };
		63B1EB4420AE36D1008210C8 /* SettingsPulloverController.swift */ = {isa = PBXFileReference; lastKnownFileType = sourcecode.swift; path = SettingsPulloverController.swift; sourceTree = "<group>"; };
		63C6ACAB208A858400DA8152 /* Complement du jour.app */ = {isa = PBXFileReference; explicitFileType = wrapper.application; includeInIndex = 0; path = "Complement du jour.app"; sourceTree = BUILT_PRODUCTS_DIR; };
		63C6ACAE208A858400DA8152 /* AppDelegate.swift */ = {isa = PBXFileReference; lastKnownFileType = sourcecode.swift; path = AppDelegate.swift; sourceTree = "<group>"; };
		63C6ACB0208A858400DA8152 /* ViewController.swift */ = {isa = PBXFileReference; lastKnownFileType = sourcecode.swift; path = ViewController.swift; sourceTree = "<group>"; };
		63C6ACB3208A858400DA8152 /* Base */ = {isa = PBXFileReference; lastKnownFileType = file.storyboard; name = Base; path = Base.lproj/Main.storyboard; sourceTree = "<group>"; };
		63C6ACB5208A858500DA8152 /* Assets.xcassets */ = {isa = PBXFileReference; lastKnownFileType = folder.assetcatalog; path = Assets.xcassets; sourceTree = "<group>"; };
		63C6ACB8208A858500DA8152 /* Base */ = {isa = PBXFileReference; lastKnownFileType = file.storyboard; name = Base; path = Base.lproj/LaunchScreen.storyboard; sourceTree = "<group>"; };
		63C6ACBA208A858500DA8152 /* Info.plist */ = {isa = PBXFileReference; lastKnownFileType = text.plist.xml; path = Info.plist; sourceTree = "<group>"; };
		63C6ACBD208A858500DA8152 /* Complement du jour WatchKit App.app */ = {isa = PBXFileReference; explicitFileType = wrapper.application; includeInIndex = 0; path = "Complement du jour WatchKit App.app"; sourceTree = BUILT_PRODUCTS_DIR; };
		63C6ACC3208A858500DA8152 /* Base */ = {isa = PBXFileReference; lastKnownFileType = file.storyboard; name = Base; path = Base.lproj/Interface.storyboard; sourceTree = "<group>"; };
		63C6ACC5208A858600DA8152 /* Assets.xcassets */ = {isa = PBXFileReference; lastKnownFileType = folder.assetcatalog; path = Assets.xcassets; sourceTree = "<group>"; };
		63C6ACC7208A858600DA8152 /* Info.plist */ = {isa = PBXFileReference; lastKnownFileType = text.plist.xml; path = Info.plist; sourceTree = "<group>"; };
		63C6ACCC208A858600DA8152 /* Complement du jour WatchKit Extension.appex */ = {isa = PBXFileReference; explicitFileType = "wrapper.app-extension"; includeInIndex = 0; path = "Complement du jour WatchKit Extension.appex"; sourceTree = BUILT_PRODUCTS_DIR; };
		63C6ACD1208A858600DA8152 /* InterfaceController.swift */ = {isa = PBXFileReference; lastKnownFileType = sourcecode.swift; path = InterfaceController.swift; sourceTree = "<group>"; };
		63C6ACD3208A858600DA8152 /* ExtensionDelegate.swift */ = {isa = PBXFileReference; lastKnownFileType = sourcecode.swift; path = ExtensionDelegate.swift; sourceTree = "<group>"; };
		63C6ACD5208A858600DA8152 /* NotificationController.swift */ = {isa = PBXFileReference; lastKnownFileType = sourcecode.swift; path = NotificationController.swift; sourceTree = "<group>"; };
		63C6ACD7208A858600DA8152 /* ComplicationController.swift */ = {isa = PBXFileReference; lastKnownFileType = sourcecode.swift; path = ComplicationController.swift; sourceTree = "<group>"; };
		63C6ACD9208A858700DA8152 /* Assets.xcassets */ = {isa = PBXFileReference; lastKnownFileType = folder.assetcatalog; path = Assets.xcassets; sourceTree = "<group>"; };
		63C6ACDB208A858700DA8152 /* Info.plist */ = {isa = PBXFileReference; lastKnownFileType = text.plist.xml; path = Info.plist; sourceTree = "<group>"; };
		63C6ACDC208A858700DA8152 /* PushNotificationPayload.apns */ = {isa = PBXFileReference; lastKnownFileType = text; path = PushNotificationPayload.apns; sourceTree = "<group>"; };
		63C6ACEB208A867100DA8152 /* TextLoader.swift */ = {isa = PBXFileReference; fileEncoding = 4; lastKnownFileType = sourcecode.swift; path = TextLoader.swift; sourceTree = "<group>"; };
		63C6ACEE208A89D600DA8152 /* Parisienne-Regular.ttf */ = {isa = PBXFileReference; lastKnownFileType = file; path = "Parisienne-Regular.ttf"; sourceTree = "<group>"; };
/* End PBXFileReference section */

/* Begin PBXFrameworksBuildPhase section */
		63C6ACA8208A858400DA8152 /* Frameworks */ = {
			isa = PBXFrameworksBuildPhase;
			buildActionMask = 2147483647;
			files = (
			);
			runOnlyForDeploymentPostprocessing = 0;
		};
		63C6ACC9208A858600DA8152 /* Frameworks */ = {
			isa = PBXFrameworksBuildPhase;
			buildActionMask = 2147483647;
			files = (
			);
			runOnlyForDeploymentPostprocessing = 0;
		};
/* End PBXFrameworksBuildPhase section */

/* Begin PBXGroup section */
		632911E4208A902D00BE63B7 /* fonts */ = {
			isa = PBXGroup;
			children = (
				63C6ACEE208A89D600DA8152 /* Parisienne-Regular.ttf */,
			);
			path = fonts;
			sourceTree = "<group>";
		};
		63C6ACA2208A858300DA8152 = {
			isa = PBXGroup;
			children = (
				63C6ACAD208A858400DA8152 /* Complement du jour */,
				63C6ACC1208A858500DA8152 /* Complement du jour WatchKit App */,
				63C6ACD0208A858600DA8152 /* Complement du jour WatchKit Extension */,
				63C6ACAC208A858400DA8152 /* Products */,
				63A9CF01209D1A9300CDC9AC /* messagescopy.txt */,
			);
			sourceTree = "<group>";
		};
		63C6ACAC208A858400DA8152 /* Products */ = {
			isa = PBXGroup;
			children = (
				63C6ACAB208A858400DA8152 /* Complement du jour.app */,
				63C6ACBD208A858500DA8152 /* Complement du jour WatchKit App.app */,
				63C6ACCC208A858600DA8152 /* Complement du jour WatchKit Extension.appex */,
			);
			name = Products;
			sourceTree = "<group>";
		};
		63C6ACAD208A858400DA8152 /* Complement du jour */ = {
			isa = PBXGroup;
			children = (
				63C6ACAE208A858400DA8152 /* AppDelegate.swift */,
				63C6ACEB208A867100DA8152 /* TextLoader.swift */,
				63C6ACB0208A858400DA8152 /* ViewController.swift */,
				63B1EB4420AE36D1008210C8 /* SettingsPulloverController.swift */,
				63C6ACB2208A858400DA8152 /* Main.storyboard */,
				63C6ACB5208A858500DA8152 /* Assets.xcassets */,
				63C6ACB7208A858500DA8152 /* LaunchScreen.storyboard */,
				632911E4208A902D00BE63B7 /* fonts */,
				63C6ACBA208A858500DA8152 /* Info.plist */,
			);
			path = "Complement du jour";
			sourceTree = "<group>";
		};
		63C6ACC1208A858500DA8152 /* Complement du jour WatchKit App */ = {
			isa = PBXGroup;
			children = (
				63C6ACC2208A858500DA8152 /* Interface.storyboard */,
				63C6ACC5208A858600DA8152 /* Assets.xcassets */,
				63C6ACC7208A858600DA8152 /* Info.plist */,
			);
			path = "Complement du jour WatchKit App";
			sourceTree = "<group>";
		};
		63C6ACD0208A858600DA8152 /* Complement du jour WatchKit Extension */ = {
			isa = PBXGroup;
			children = (
				63C6ACD1208A858600DA8152 /* InterfaceController.swift */,
				63C6ACD3208A858600DA8152 /* ExtensionDelegate.swift */,
				63C6ACD5208A858600DA8152 /* NotificationController.swift */,
				63C6ACD7208A858600DA8152 /* ComplicationController.swift */,
				63C6ACD9208A858700DA8152 /* Assets.xcassets */,
				63C6ACDB208A858700DA8152 /* Info.plist */,
				63C6ACDC208A858700DA8152 /* PushNotificationPayload.apns */,
			);
			path = "Complement du jour WatchKit Extension";
			sourceTree = "<group>";
		};
/* End PBXGroup section */

/* Begin PBXNativeTarget section */
		63C6ACAA208A858400DA8152 /* Complement du jour */ = {
			isa = PBXNativeTarget;
			buildConfigurationList = 63C6ACE7208A858700DA8152 /* Build configuration list for PBXNativeTarget "Complement du jour" */;
			buildPhases = (
				63C6ACA7208A858400DA8152 /* Sources */,
				63C6ACA8208A858400DA8152 /* Frameworks */,
				63C6ACA9208A858400DA8152 /* Resources */,
				63C6ACE6208A858700DA8152 /* Embed Watch Content */,
			);
			buildRules = (
			);
			dependencies = (
				63C6ACC0208A858500DA8152 /* PBXTargetDependency */,
			);
			name = "Complement du jour";
			productName = "Complement du jour";
			productReference = 63C6ACAB208A858400DA8152 /* Complement du jour.app */;
			productType = "com.apple.product-type.application";
		};
		63C6ACBC208A858500DA8152 /* Complement du jour WatchKit App */ = {
			isa = PBXNativeTarget;
			buildConfigurationList = 63C6ACE3208A858700DA8152 /* Build configuration list for PBXNativeTarget "Complement du jour WatchKit App" */;
			buildPhases = (
				63C6ACBB208A858500DA8152 /* Resources */,
				63C6ACE2208A858700DA8152 /* Embed App Extensions */,
			);
			buildRules = (
			);
			dependencies = (
				63C6ACCF208A858600DA8152 /* PBXTargetDependency */,
			);
			name = "Complement du jour WatchKit App";
			productName = "Complement du jour WatchKit App";
			productReference = 63C6ACBD208A858500DA8152 /* Complement du jour WatchKit App.app */;
			productType = "com.apple.product-type.application.watchapp2";
		};
		63C6ACCB208A858600DA8152 /* Complement du jour WatchKit Extension */ = {
			isa = PBXNativeTarget;
			buildConfigurationList = 63C6ACDF208A858700DA8152 /* Build configuration list for PBXNativeTarget "Complement du jour WatchKit Extension" */;
			buildPhases = (
				63C6ACC8208A858600DA8152 /* Sources */,
				63C6ACC9208A858600DA8152 /* Frameworks */,
				63C6ACCA208A858600DA8152 /* Resources */,
			);
			buildRules = (
			);
			dependencies = (
			);
			name = "Complement du jour WatchKit Extension";
			productName = "Complement du jour WatchKit Extension";
			productReference = 63C6ACCC208A858600DA8152 /* Complement du jour WatchKit Extension.appex */;
			productType = "com.apple.product-type.watchkit2-extension";
		};
/* End PBXNativeTarget section */

/* Begin PBXProject section */
		63C6ACA3208A858300DA8152 /* Project object */ = {
			isa = PBXProject;
			attributes = {
				LastSwiftUpdateCheck = 0930;
				LastUpgradeCheck = 0930;
				ORGANIZATIONNAME = 1amnick;
				TargetAttributes = {
					63C6ACAA208A858400DA8152 = {
						CreatedOnToolsVersion = 9.3;
					};
					63C6ACBC208A858500DA8152 = {
						CreatedOnToolsVersion = 9.3;
						LastSwiftMigration = 0930;
					};
					63C6ACCB208A858600DA8152 = {
						CreatedOnToolsVersion = 9.3;
					};
				};
			};
			buildConfigurationList = 63C6ACA6208A858300DA8152 /* Build configuration list for PBXProject "Complement du jour" */;
			compatibilityVersion = "Xcode 9.3";
			developmentRegion = en;
			hasScannedForEncodings = 0;
			knownRegions = (
				en,
				Base,
			);
			mainGroup = 63C6ACA2208A858300DA8152;
			productRefGroup = 63C6ACAC208A858400DA8152 /* Products */;
			projectDirPath = "";
			projectRoot = "";
			targets = (
				63C6ACAA208A858400DA8152 /* Complement du jour */,
				63C6ACBC208A858500DA8152 /* Complement du jour WatchKit App */,
				63C6ACCB208A858600DA8152 /* Complement du jour WatchKit Extension */,
			);
		};
/* End PBXProject section */

/* Begin PBXResourcesBuildPhase section */
		63C6ACA9208A858400DA8152 /* Resources */ = {
			isa = PBXResourcesBuildPhase;
			buildActionMask = 2147483647;
			files = (
				63A9CF02209D1A9300CDC9AC /* messagescopy.txt in Resources */,
				63C6ACB9208A858500DA8152 /* LaunchScreen.storyboard in Resources */,
				63C6ACB6208A858500DA8152 /* Assets.xcassets in Resources */,
				63C6ACB4208A858400DA8152 /* Main.storyboard in Resources */,
				63C6ACEF208A89D600DA8152 /* Parisienne-Regular.ttf in Resources */,
			);
			runOnlyForDeploymentPostprocessing = 0;
		};
		63C6ACBB208A858500DA8152 /* Resources */ = {
			isa = PBXResourcesBuildPhase;
			buildActionMask = 2147483647;
			files = (
				63A9CF03209D1A9300CDC9AC /* messagescopy.txt in Resources */,
				63C6ACC6208A858600DA8152 /* Assets.xcassets in Resources */,
				63C6ACC4208A858500DA8152 /* Interface.storyboard in Resources */,
			);
			runOnlyForDeploymentPostprocessing = 0;
		};
		63C6ACCA208A858600DA8152 /* Resources */ = {
			isa = PBXResourcesBuildPhase;
			buildActionMask = 2147483647;
			files = (
				63A9CF04209D1A9300CDC9AC /* messagescopy.txt in Resources */,
				63C6ACDA208A858700DA8152 /* Assets.xcassets in Resources */,
			);
			runOnlyForDeploymentPostprocessing = 0;
		};
/* End PBXResourcesBuildPhase section */

/* Begin PBXSourcesBuildPhase section */
		63C6ACA7208A858400DA8152 /* Sources */ = {
			isa = PBXSourcesBuildPhase;
			buildActionMask = 2147483647;
			files = (
				63C6ACEC208A867100DA8152 /* TextLoader.swift in Sources */,
				63C6ACB1208A858400DA8152 /* ViewController.swift in Sources */,
				63B1EB4520AE36D1008210C8 /* SettingsPulloverController.swift in Sources */,
				63C6ACAF208A858400DA8152 /* AppDelegate.swift in Sources */,
			);
			runOnlyForDeploymentPostprocessing = 0;
		};
		63C6ACC8208A858600DA8152 /* Sources */ = {
			isa = PBXSourcesBuildPhase;
			buildActionMask = 2147483647;
			files = (
				63C6ACD6208A858600DA8152 /* NotificationController.swift in Sources */,
				63C6ACD8208A858600DA8152 /* ComplicationController.swift in Sources */,
				63C6ACD4208A858600DA8152 /* ExtensionDelegate.swift in Sources */,
				63C6ACED208A867100DA8152 /* TextLoader.swift in Sources */,
				63C6ACD2208A858600DA8152 /* InterfaceController.swift in Sources */,
			);
			runOnlyForDeploymentPostprocessing = 0;
		};
/* End PBXSourcesBuildPhase section */

/* Begin PBXTargetDependency section */
		63C6ACC0208A858500DA8152 /* PBXTargetDependency */ = {
			isa = PBXTargetDependency;
			target = 63C6ACBC208A858500DA8152 /* Complement du jour WatchKit App */;
			targetProxy = 63C6ACBF208A858500DA8152 /* PBXContainerItemProxy */;
		};
		63C6ACCF208A858600DA8152 /* PBXTargetDependency */ = {
			isa = PBXTargetDependency;
			target = 63C6ACCB208A858600DA8152 /* Complement du jour WatchKit Extension */;
			targetProxy = 63C6ACCE208A858600DA8152 /* PBXContainerItemProxy */;
		};
/* End PBXTargetDependency section */

/* Begin PBXVariantGroup section */
		63C6ACB2208A858400DA8152 /* Main.storyboard */ = {
			isa = PBXVariantGroup;
			children = (
				63C6ACB3208A858400DA8152 /* Base */,
			);
			name = Main.storyboard;
			sourceTree = "<group>";
		};
		63C6ACB7208A858500DA8152 /* LaunchScreen.storyboard */ = {
			isa = PBXVariantGroup;
			children = (
				63C6ACB8208A858500DA8152 /* Base */,
			);
			name = LaunchScreen.storyboard;
			sourceTree = "<group>";
		};
		63C6ACC2208A858500DA8152 /* Interface.storyboard */ = {
			isa = PBXVariantGroup;
			children = (
				63C6ACC3208A858500DA8152 /* Base */,
			);
			name = Interface.storyboard;
			sourceTree = "<group>";
		};
/* End PBXVariantGroup section */

/* Begin XCBuildConfiguration section */
		63C6ACDD208A858700DA8152 /* Debug */ = {
			isa = XCBuildConfiguration;
			buildSettings = {
				ALWAYS_SEARCH_USER_PATHS = NO;
				CLANG_ANALYZER_NONNULL = YES;
				CLANG_ANALYZER_NUMBER_OBJECT_CONVERSION = YES_AGGRESSIVE;
				CLANG_CXX_LANGUAGE_STANDARD = "gnu++14";
				CLANG_CXX_LIBRARY = "libc++";
				CLANG_ENABLE_MODULES = YES;
				CLANG_ENABLE_OBJC_ARC = YES;
				CLANG_ENABLE_OBJC_WEAK = YES;
				CLANG_WARN_BLOCK_CAPTURE_AUTORELEASING = YES;
				CLANG_WARN_BOOL_CONVERSION = YES;
				CLANG_WARN_COMMA = YES;
				CLANG_WARN_CONSTANT_CONVERSION = YES;
				CLANG_WARN_DEPRECATED_OBJC_IMPLEMENTATIONS = YES;
				CLANG_WARN_DIRECT_OBJC_ISA_USAGE = YES_ERROR;
				CLANG_WARN_DOCUMENTATION_COMMENTS = YES;
				CLANG_WARN_EMPTY_BODY = YES;
				CLANG_WARN_ENUM_CONVERSION = YES;
				CLANG_WARN_INFINITE_RECURSION = YES;
				CLANG_WARN_INT_CONVERSION = YES;
				CLANG_WARN_NON_LITERAL_NULL_CONVERSION = YES;
				CLANG_WARN_OBJC_IMPLICIT_RETAIN_SELF = YES;
				CLANG_WARN_OBJC_LITERAL_CONVERSION = YES;
				CLANG_WARN_OBJC_ROOT_CLASS = YES_ERROR;
				CLANG_WARN_RANGE_LOOP_ANALYSIS = YES;
				CLANG_WARN_STRICT_PROTOTYPES = YES;
				CLANG_WARN_SUSPICIOUS_MOVE = YES;
				CLANG_WARN_UNGUARDED_AVAILABILITY = YES_AGGRESSIVE;
				CLANG_WARN_UNREACHABLE_CODE = YES;
				CLANG_WARN__DUPLICATE_METHOD_MATCH = YES;
				CODE_SIGN_IDENTITY = "iPhone Developer";
				COPY_PHASE_STRIP = NO;
				DEBUG_INFORMATION_FORMAT = dwarf;
				ENABLE_STRICT_OBJC_MSGSEND = YES;
				ENABLE_TESTABILITY = YES;
				GCC_C_LANGUAGE_STANDARD = gnu11;
				GCC_DYNAMIC_NO_PIC = NO;
				GCC_NO_COMMON_BLOCKS = YES;
				GCC_OPTIMIZATION_LEVEL = 0;
				GCC_PREPROCESSOR_DEFINITIONS = (
					"DEBUG=1",
					"$(inherited)",
				);
				GCC_WARN_64_TO_32_BIT_CONVERSION = YES;
				GCC_WARN_ABOUT_RETURN_TYPE = YES_ERROR;
				GCC_WARN_UNDECLARED_SELECTOR = YES;
				GCC_WARN_UNINITIALIZED_AUTOS = YES_AGGRESSIVE;
				GCC_WARN_UNUSED_FUNCTION = YES;
				GCC_WARN_UNUSED_VARIABLE = YES;
				IPHONEOS_DEPLOYMENT_TARGET = 11.3;
				MTL_ENABLE_DEBUG_INFO = YES;
				ONLY_ACTIVE_ARCH = YES;
				SDKROOT = iphoneos;
				SWIFT_ACTIVE_COMPILATION_CONDITIONS = DEBUG;
				SWIFT_OPTIMIZATION_LEVEL = "-Onone";
			};
			name = Debug;
		};
		63C6ACDE208A858700DA8152 /* Release */ = {
			isa = XCBuildConfiguration;
			buildSettings = {
				ALWAYS_SEARCH_USER_PATHS = NO;
				CLANG_ANALYZER_NONNULL = YES;
				CLANG_ANALYZER_NUMBER_OBJECT_CONVERSION = YES_AGGRESSIVE;
				CLANG_CXX_LANGUAGE_STANDARD = "gnu++14";
				CLANG_CXX_LIBRARY = "libc++";
				CLANG_ENABLE_MODULES = YES;
				CLANG_ENABLE_OBJC_ARC = YES;
				CLANG_ENABLE_OBJC_WEAK = YES;
				CLANG_WARN_BLOCK_CAPTURE_AUTORELEASING = YES;
				CLANG_WARN_BOOL_CONVERSION = YES;
				CLANG_WARN_COMMA = YES;
				CLANG_WARN_CONSTANT_CONVERSION = YES;
				CLANG_WARN_DEPRECATED_OBJC_IMPLEMENTATIONS = YES;
				CLANG_WARN_DIRECT_OBJC_ISA_USAGE = YES_ERROR;
				CLANG_WARN_DOCUMENTATION_COMMENTS = YES;
				CLANG_WARN_EMPTY_BODY = YES;
				CLANG_WARN_ENUM_CONVERSION = YES;
				CLANG_WARN_INFINITE_RECURSION = YES;
				CLANG_WARN_INT_CONVERSION = YES;
				CLANG_WARN_NON_LITERAL_NULL_CONVERSION = YES;
				CLANG_WARN_OBJC_IMPLICIT_RETAIN_SELF = YES;
				CLANG_WARN_OBJC_LITERAL_CONVERSION = YES;
				CLANG_WARN_OBJC_ROOT_CLASS = YES_ERROR;
				CLANG_WARN_RANGE_LOOP_ANALYSIS = YES;
				CLANG_WARN_STRICT_PROTOTYPES = YES;
				CLANG_WARN_SUSPICIOUS_MOVE = YES;
				CLANG_WARN_UNGUARDED_AVAILABILITY = YES_AGGRESSIVE;
				CLANG_WARN_UNREACHABLE_CODE = YES;
				CLANG_WARN__DUPLICATE_METHOD_MATCH = YES;
				CODE_SIGN_IDENTITY = "iPhone Developer";
				COPY_PHASE_STRIP = NO;
				DEBUG_INFORMATION_FORMAT = "dwarf-with-dsym";
				ENABLE_NS_ASSERTIONS = NO;
				ENABLE_STRICT_OBJC_MSGSEND = YES;
				GCC_C_LANGUAGE_STANDARD = gnu11;
				GCC_NO_COMMON_BLOCKS = YES;
				GCC_WARN_64_TO_32_BIT_CONVERSION = YES;
				GCC_WARN_ABOUT_RETURN_TYPE = YES_ERROR;
				GCC_WARN_UNDECLARED_SELECTOR = YES;
				GCC_WARN_UNINITIALIZED_AUTOS = YES_AGGRESSIVE;
				GCC_WARN_UNUSED_FUNCTION = YES;
				GCC_WARN_UNUSED_VARIABLE = YES;
				IPHONEOS_DEPLOYMENT_TARGET = 11.3;
				MTL_ENABLE_DEBUG_INFO = NO;
				SDKROOT = iphoneos;
				SWIFT_COMPILATION_MODE = wholemodule;
				SWIFT_OPTIMIZATION_LEVEL = "-O";
				VALIDATE_PRODUCT = YES;
			};
			name = Release;
		};
		63C6ACE0208A858700DA8152 /* Debug */ = {
			isa = XCBuildConfiguration;
			buildSettings = {
				ASSETCATALOG_COMPILER_COMPLICATION_NAME = Complication;
				CODE_SIGN_STYLE = Automatic;
				DEVELOPMENT_TEAM = 47DT58XZ47;
				INFOPLIST_FILE = "Complement du jour WatchKit Extension/Info.plist";
				LD_RUNPATH_SEARCH_PATHS = (
					"$(inherited)",
					"@executable_path/Frameworks",
					"@executable_path/../../Frameworks",
				);
				PRODUCT_BUNDLE_IDENTIFIER = "net.1amnick.Complement-du-jour.watchkitapp.watchkitextension";
				PRODUCT_NAME = "${TARGET_NAME}";
				SDKROOT = watchos;
				SKIP_INSTALL = YES;
				SWIFT_VERSION = 4.0;
				TARGETED_DEVICE_FAMILY = 4;
				WATCHOS_DEPLOYMENT_TARGET = 4.3;
			};
			name = Debug;
		};
		63C6ACE1208A858700DA8152 /* Release */ = {
			isa = XCBuildConfiguration;
			buildSettings = {
				ASSETCATALOG_COMPILER_COMPLICATION_NAME = Complication;
				CODE_SIGN_STYLE = Automatic;
				DEVELOPMENT_TEAM = 47DT58XZ47;
				INFOPLIST_FILE = "Complement du jour WatchKit Extension/Info.plist";
				LD_RUNPATH_SEARCH_PATHS = (
					"$(inherited)",
					"@executable_path/Frameworks",
					"@executable_path/../../Frameworks",
				);
				PRODUCT_BUNDLE_IDENTIFIER = "net.1amnick.Complement-du-jour.watchkitapp.watchkitextension";
				PRODUCT_NAME = "${TARGET_NAME}";
				SDKROOT = watchos;
				SKIP_INSTALL = YES;
				SWIFT_VERSION = 4.0;
				TARGETED_DEVICE_FAMILY = 4;
				WATCHOS_DEPLOYMENT_TARGET = 4.3;
			};
			name = Release;
		};
		63C6ACE4208A858700DA8152 /* Debug */ = {
			isa = XCBuildConfiguration;
			buildSettings = {
				ALWAYS_EMBED_SWIFT_STANDARD_LIBRARIES = YES;
				ASSETCATALOG_COMPILER_APPICON_NAME = AppIcon;
				CLANG_ENABLE_MODULES = YES;
				CODE_SIGN_STYLE = Automatic;
				DEVELOPMENT_TEAM = 47DT58XZ47;
				IBSC_MODULE = Complement_du_jour_WatchKit_Extension;
				INFOPLIST_FILE = "Complement du jour WatchKit App/Info.plist";
				LD_RUNPATH_SEARCH_PATHS = (
					"$(inherited)",
					"@executable_path/../Frameworks",
					"@loader_path/../Frameworks",
				);
				PRODUCT_BUNDLE_IDENTIFIER = "net.1amnick.Complement-du-jour.watchkitapp";
				PRODUCT_NAME = "$(TARGET_NAME)";
				SDKROOT = watchos;
				SKIP_INSTALL = YES;
				SWIFT_OBJC_BRIDGING_HEADER = "Complement du jour/Complement du jour WatchKit App-Bridging-Header.h";
				SWIFT_OPTIMIZATION_LEVEL = "-Onone";
				SWIFT_VERSION = 4.0;
				TARGETED_DEVICE_FAMILY = 4;
				WATCHOS_DEPLOYMENT_TARGET = 4.3;
			};
			name = Debug;
		};
		63C6ACE5208A858700DA8152 /* Release */ = {
			isa = XCBuildConfiguration;
			buildSettings = {
				ALWAYS_EMBED_SWIFT_STANDARD_LIBRARIES = YES;
				ASSETCATALOG_COMPILER_APPICON_NAME = AppIcon;
				CLANG_ENABLE_MODULES = YES;
				CODE_SIGN_STYLE = Automatic;
				DEVELOPMENT_TEAM = 47DT58XZ47;
				IBSC_MODULE = Complement_du_jour_WatchKit_Extension;
				INFOPLIST_FILE = "Complement du jour WatchKit App/Info.plist";
				LD_RUNPATH_SEARCH_PATHS = (
					"$(inherited)",
					"@executable_path/../Frameworks",
					"@loader_path/../Frameworks",
				);
				PRODUCT_BUNDLE_IDENTIFIER = "net.1amnick.Complement-du-jour.watchkitapp";
				PRODUCT_NAME = "$(TARGET_NAME)";
				SDKROOT = watchos;
				SKIP_INSTALL = YES;
				SWIFT_OBJC_BRIDGING_HEADER = "Complement du jour/Complement du jour WatchKit App-Bridging-Header.h";
				SWIFT_VERSION = 4.0;
				TARGETED_DEVICE_FAMILY = 4;
				WATCHOS_DEPLOYMENT_TARGET = 4.3;
			};
			name = Release;
		};
		63C6ACE8208A858700DA8152 /* Debug */ = {
			isa = XCBuildConfiguration;
			buildSettings = {
				ASSETCATALOG_COMPILER_APPICON_NAME = icon;
				ASSETCATALOG_WARNINGS = YES;
				CODE_SIGN_STYLE = Automatic;
				DEVELOPMENT_TEAM = 47DT58XZ47;
				INFOPLIST_FILE = "Complement du jour/Info.plist";
				LD_RUNPATH_SEARCH_PATHS = (
					"$(inherited)",
					"@executable_path/Frameworks",
				);
				PRODUCT_BUNDLE_IDENTIFIER = "net.1amnick.Complement-du-jour";
				PRODUCT_NAME = "$(TARGET_NAME)";
				SWIFT_VERSION = 4.0;
				TARGETED_DEVICE_FAMILY = 1;
			};
			name = Debug;
		};
		63C6ACE9208A858700DA8152 /* Release */ = {
			isa = XCBuildConfiguration;
			buildSettings = {
				ASSETCATALOG_COMPILER_APPICON_NAME = icon;
				ASSETCATALOG_WARNINGS = YES;
				CODE_SIGN_STYLE = Automatic;
				DEVELOPMENT_TEAM = 47DT58XZ47;
				INFOPLIST_FILE = "Complement du jour/Info.plist";
				LD_RUNPATH_SEARCH_PATHS = (
					"$(inherited)",
					"@executable_path/Frameworks",
				);
				PRODUCT_BUNDLE_IDENTIFIER = "net.1amnick.Complement-du-jour";
				PRODUCT_NAME = "$(TARGET_NAME)";
				SWIFT_VERSION = 4.0;
				TARGETED_DEVICE_FAMILY = 1;
			};
			name = Release;
		};
/* End XCBuildConfiguration section */

/* Begin XCConfigurationList section */
		63C6ACA6208A858300DA8152 /* Build configuration list for PBXProject "Complement du jour" */ = {
			isa = XCConfigurationList;
			buildConfigurations = (
				63C6ACDD208A858700DA8152 /* Debug */,
				63C6ACDE208A858700DA8152 /* Release */,
			);
			defaultConfigurationIsVisible = 0;
			defaultConfigurationName = Release;
		};
		63C6ACDF208A858700DA8152 /* Build configuration list for PBXNativeTarget "Complement du jour WatchKit Extension" */ = {
			isa = XCConfigurationList;
			buildConfigurations = (
				63C6ACE0208A858700DA8152 /* Debug */,
				63C6ACE1208A858700DA8152 /* Release */,
			);
			defaultConfigurationIsVisible = 0;
			defaultConfigurationName = Release;
		};
		63C6ACE3208A858700DA8152 /* Build configuration list for PBXNativeTarget "Complement du jour WatchKit App" */ = {
			isa = XCConfigurationList;
			buildConfigurations = (
				63C6ACE4208A858700DA8152 /* Debug */,
				63C6ACE5208A858700DA8152 /* Release */,
			);
			defaultConfigurationIsVisible = 0;
			defaultConfigurationName = Release;
		};
		63C6ACE7208A858700DA8152 /* Build configuration list for PBXNativeTarget "Complement du jour" */ = {
			isa = XCConfigurationList;
			buildConfigurations = (
				63C6ACE8208A858700DA8152 /* Debug */,
				63C6ACE9208A858700DA8152 /* Release */,
			);
			defaultConfigurationIsVisible = 0;
			defaultConfigurationName = Release;
		};
/* End XCConfigurationList section */
	};
	rootObject = 63C6ACA3208A858300DA8152 /* Project object */;
}
